github.com/aead/chacha20 v0.0.0-20180709150244-8b13a72661da h1:KjTM2ks9d14ZYCvmHS9iAKVt9AyzRSqNU1qabPih5BY=
github.com/aead/chacha20 v0.0.0-20180709150244-8b13a72661da/go.mod h1:eHEWzANqSiWQsof+nXEI9bUVUyV6F53Fp89EuCh2EAA=
github.com/cpuguy83/go-md2man/v2 v2.0.2/go.mod h1:tgQtvFlXSQOSOSIRvRPT7W67SCa46tRHOmNcaadrF8o=
github.com/davecgh/go-spew v1.1.0 h1:ZDRjVQ15GmhC3fiQ8ni8+OwkZQO4DARzQgrnXU1Liz8=
github.com/davecgh/go-spew v1.1.0/go.mod h1:J7Y8YcW2NihsgmVo/mv3lAwl/skON4iLHjSsI+c5H38=
github.com/dchest/threefish v0.0.0-20120919164726-3ecf4c494abf h1:K5VXW9LjmJv/xhjvQcNWTdk4WOSyreil6YaubuCPeRY=
github.com/dchest/threefish v0.0.0-20120919164726-3ecf4c494abf/go.mod h1:bXVurdTuvOiJu7NHALemFe0JMvC2UmwYHW+7fcZaZ2M=
github.com/go-sql-driver/mysql v1.7.1 h1:lUIinVbN1DY0xBg0eMOzmmtGoHwWBbvnWubQUrtU8EI=
github.com/go-sql-driver/mysql v1.7.1/go.mod h1:OXbVy3sEdcQ2Doequ6Z5BW6fXNQTmx+9S1MCJN5yJMI=
github.com/inconshreveable/mousetrap v1.1.0 h1:wN+x4NVGpMsO7ErUn/mUI3vEoE6Jt13X2s0bqwp9tc8=
github.com/inconshreveable/mousetrap v1.1.0/go.mod h1:vpF70FUmC8bwa3OWnCshd2FqLfsEA9PFc4w1p2J65bw=
github.com/julienschmidt/httprouter v1.3.0 h1:U0609e9tgbseu3rBINet9P48AI/D3oJs4dN7jwJOQ1U=
github.com/julienschmidt/httprouter v1.3.0/go.mod h1:JR6WtHb+2LUe8TCKY3cZOxFyyO8IZAc4RVcycCCAKdM=
github.com/klauspost/cpuid/v2 v2.2.5 h1:0E5MSMDEoAulmXNFquVs//DdoomxaoTY1kUhbc/qbZg=
github.com/klauspost/cpuid/v2 v2.2.5/go.mod h1:Lcz8mBdAVJIBVzewtcLocK12l3Y+JytZYpaMropDUws=
github.com/klauspost/reedsolomon v1.11.8 h1:s8RpUW5TK4hjr+djiOpbZJB4ksx+TdYbRH7vHQpwPOY=
github.com/klauspost/reedsolomon v1.11.8/go.mod h1:4bXRN+cVzMdml6ti7qLouuYi32KHJ5MGv0Qd8a47h6A=
github.com/montanaflynn/stats v0.7.1 h1:etflOAAHORrCC44V+aR6Ftzort912ZU+YLiSTuV8eaE=
github.com/montanaflynn/stats v0.7.1/go.mod h1:etXPPgVO6n31NxCd9KQUMvCM+ve0ruNzt6R8Bnaayow=
github.com/pkg/errors v0.9.1 h1:FEBLx1zS214owpjy7qsBeixbURkuhQAwrK5UwLGTwt4=
github.com/pkg/errors v0.9.1/go.mod h1:bwawxfHBFNV+L2hUp1rHADufV3IMtnDRdf1r5NINEl0=
github.com/pmezard/go-difflib v1.0.0 h1:4DBwDE0NGyQoBHbLQYPwSUPoCMWR5BEzIk/f1lZbAQM=
github.com/pmezard/go-difflib v1.0.0/go.mod h1:iKH77koFhYxTK1pcRnkKkqfTogsbg7gZNVY4sRDYZ/4=
github.com/rs/xid v1.5.0 h1:mKX4bl4iPYJtEIxp6CYiUuLQ/8DYMoz0PUdtGgMFRVc=
github.com/rs/xid v1.5.0/go.mod h1:trrq9SKmegXys3aeAKXMUTdJsYXVwGY3RLcfgqegfbg=
github.com/russross/blackfriday/v2 v2.1.0/go.mod h1:+Rmxgy9KzJVeS9/2gXHxylqXiyQDYRxCVz55jmeOWTM=
github.com/spf13/cobra v1.7.0 h1:hyqWnYt1ZQShIddO5kBpj3vu05/++x6tJ6dg8EC572I=
github.com/spf13/cobra v1.7.0/go.mod h1:uLxZILRyS/50WlhOIKD7W6V5bgeIt+4sICxh6uRMrb0=
github.com/spf13/pflag v1.0.5 h1:iy+VFUOCP1a+8yFto/drg2CJ5u0yRoB7fZw3DKv/JXA=
github.com/spf13/pflag v1.0.5/go.mod h1:McXfInJRrz4CZXVZOBLb0bTZqETkiAhM9Iw0y3An2Bg=
github.com/stretchr/objx v0.1.0/go.mod h1:HFkY916IF+rwdDfMAkV7OtwuqBVzrE8GR6GFx+wExME=
github.com/stretchr/testify v1.7.0 h1:nwc3DEeHmmLAfoZucVR881uASk0Mfjw8xYJ99tb5CcY=
github.com/stretchr/testify v1.7.0/go.mod h1:6Fq8oRcR53rry900zMqJjRRixrwX3KX962/h/Wwjteg=
github.com/stripe/stripe-go/v75 v75.10.0 h1:Sj/gGshIMQMgCQ3K92+RUEoXsAi4tMABuLbsDBs1ULg=
github.com/stripe/stripe-go/v75 v75.10.0/go.mod h1:wT44gah+eCY8Z0aSpY/vQlYYbicU9uUAbAqdaUxxDqE=
gitlab.com/NebulousLabs/errors v0.0.0-20171229012116-7ead97ef90b8/go.mod h1:ZkMZ0dpQyWwlENaeZVBiQRjhMEZvk6VTXquzl3FOFP8=
gitlab.com/NebulousLabs/errors v0.0.0-20200929122200-06c536cf6975 h1:L/ENs/Ar1bFzUeKx6m3XjlmBgIUlykX9dzvp5k9NGxc=
gitlab.com/NebulousLabs/errors v0.0.0-20200929122200-06c536cf6975/go.mod h1:ZkMZ0dpQyWwlENaeZVBiQRjhMEZvk6VTXquzl3FOFP8=
gitlab.com/NebulousLabs/fastrand v0.0.0-20181126182046-603482d69e40 h1:dizWJqTWjwyD8KGcMOwgrkqu1JIkofYgKkmDeNE7oAs=
gitlab.com/NebulousLabs/fastrand v0.0.0-20181126182046-603482d69e40/go.mod h1:rOnSnoRyxMI3fe/7KIbVcsHRGxe30OONv8dEgo+vCfA=
gitlab.com/NebulousLabs/go-upnp v0.0.0-20211002182029-11da932010b6 h1:WKij6HF8ECp9E7K0E44dew9NrRDGiNR5u4EFsXnJUx4=
gitlab.com/NebulousLabs/go-upnp v0.0.0-20211002182029-11da932010b6/go.mod h1:vhrHTGDh4YR7wK8Z+kRJ+x8SF/6RUM3Vb64Si5FD0L8=
gitlab.com/NebulousLabs/log v0.0.0-20210609172545-77f6775350e2 h1:ovh05+n1jw7R9KT3qa5kdK4T26fIKyVogws06goZ5+Y=
gitlab.com/NebulousLabs/log v0.0.0-20210609172545-77f6775350e2/go.mod h1:qOhJbQ7Vzw+F+RCVmpPZ7WAwBIM9PZv4tWKp6Kgd9CY=
gitlab.com/NebulousLabs/merkletree v0.0.0-20200118113624-07fbf710afc4 h1:iuNdBfBg0umjOvrEf9MxGzK+NwAyE2oCZjDqUx9zVFs=
gitlab.com/NebulousLabs/merkletree v0.0.0-20200118113624-07fbf710afc4/go.mod h1:0cjDwhA+Pv9ZQXHED7HUSS3sCvo2zgsoaMgE7MeGBWo=
go.sia.tech/core v0.1.12-0.20230623163824-788ed8e10817 h1:2cAVfksJnxQpYIZK8MRbdmOEZEc87HbA4aq2fuIToy4=
go.sia.tech/core v0.1.12-0.20230623163824-788ed8e10817/go.mod h1:D17UWSn99SEfQnEaR9G9n6Kz9+BwqMoUgZ6Cl424LsQ=
go.sia.tech/mux v1.2.0 h1:ofa1Us9mdymBbGMY2XH/lSpY8itFsKIo/Aq8zwe+GHU=
go.sia.tech/mux v1.2.0/go.mod h1:Yyo6wZelOYTyvrHmJZ6aQfRoer3o4xyKQ4NmQLJrBSo=
go.sia.tech/renterd v0.6.0 h1:eEWftx9xOvYVeGCejmyTopxKAql+KvnHxh1kMk5GEAo=
go.sia.tech/renterd v0.6.0/go.mod h1:jcpk8/rEVA82GgkMpLThSerUIXxrKE79WT6E9NH1Rho=
golang.org/x/crypto v0.0.0-20190308221718-c2843e01d9a2/go.mod h1:djNgcEr1/C05ACkg1iLfiJU5Ep61QUkGW8qpdssI0+w=
golang.org/x/crypto v0.0.0-20191011191535-87dc89f01550/go.mod h1:yigFU9vqHzYiE8UmvKecakEJjdnWj3jj499lnFckfCI=
golang.org/x/crypto v0.0.0-20200109152110-61a87790db17/go.mod h1:LzIPMQfyMNhhGPhUkYOs5KpL4U8rLKemX1yGLhDgUto=
golang.org/x/crypto v0.0.0-20210322153248-0c34fe9e7dc2/go.mod h1:T9bdIzuCu7OtxOm1hfPfRQxPLYneinmdGuTeoZ9dtd4=
golang.org/x/crypto v0.13.0 h1:mvySKfSWJ+UKUii46M40LOvyWfN0s2U+46/jDd0e6Ck=
golang.org/x/crypto v0.13.0/go.mod h1:y6Z2r+Rw4iayiXXAIxJIDAJ1zMW4yaTpebo8fPOliYc=
golang.org/x/lint v0.0.0-20200302205851-738671d3881b/go.mod h1:3xt1FjdF8hUf6vQPIChWIBhFzV8gjjsPE/fR3IyQdNY=
golang.org/x/mod v0.1.1-0.20191105210325-c90efee705ee/go.mod h1:QqPTAvyqsEbceGzBzNggFXnrqF1CaUcvgkdR5Ot7KZg=
golang.org/x/net v0.0.0-20190404232315-eb5bcb51f2a3/go.mod h1:t9HGtf8HONx5eT2rtn7q6eTqICYqUVnKs3thJo3Qplg=
golang.org/x/net v0.0.0-20190620200207-3b0461eec859/go.mod h1:z5CRVTTTmAJ677TzLLGU+0bjPO0LkuOLi4/5GtJWs/s=
golang.org/x/net v0.0.0-20210226172049-e18ecbb05110/go.mod h1:m0MpNAwzfU5UDzcl9v0D8zg8gWTRqZa9RBIspLL5mdg=
golang.org/x/net v0.0.0-20210410081132-afb366fc7cd1/go.mod h1:9tjilg8BloeKEkVJvy7fQ90B1CfIiPueXVOjqfkSzI8=
golang.org/x/net v0.0.0-20210520170846-37e1c6afe023/go.mod h1:9nx3DQGgdP8bBQD5qxJ1jj9UTztislL4KSBs9R2vV5Y=
golang.org/x/net v0.15.0 h1:ugBLEUaxABaB5AJqW9enI0ACdci2RUd4eP51NTBvuJ8=
golang.org/x/net v0.15.0/go.mod h1:idbUs1IY1+zTqbi8yxTbhexhEEk5ur9LInksu6HrEpk=
golang.org/x/sync v0.0.0-20190423024810-112230192c58/go.mod h1:RxMgew5VJxzue5/jJTE5uejpjVlOe/izrB70Jof72aM=
golang.org/x/sys v0.0.0-20190215142949-d0b11bdaac8a/go.mod h1:STP8DvDyc/dI5b8T5hshtkjS+E42TnysNCUPdjciGhY=
golang.org/x/sys v0.0.0-20190412213103-97732733099d/go.mod h1:h1NjWce9XRLGQEsW7wpKNCjG9DtNlClVuFLEZdDNbEs=
golang.org/x/sys v0.0.0-20190626221950-04f50cda93cb/go.mod h1:h1NjWce9XRLGQEsW7wpKNCjG9DtNlClVuFLEZdDNbEs=
golang.org/x/sys v0.0.0-20201119102817-f84b799fce68/go.mod h1:h1NjWce9XRLGQEsW7wpKNCjG9DtNlClVuFLEZdDNbEs=
golang.org/x/sys v0.0.0-20210330210617-4fbd30eecc44/go.mod h1:h1NjWce9XRLGQEsW7wpKNCjG9DtNlClVuFLEZdDNbEs=
golang.org/x/sys v0.0.0-20210423082822-04245dca01da/go.mod h1:h1NjWce9XRLGQEsW7wpKNCjG9DtNlClVuFLEZdDNbEs=
golang.org/x/sys v0.5.0/go.mod h1:oPkhp1MJrh7nUepCBck5+mAzfO9JrbApNNgaTdGDITg=
golang.org/x/sys v0.12.0 h1:CM0HF96J0hcLAwsHPJZjfdNzs0gftsLfgKt57wWHJ0o=
golang.org/x/sys v0.12.0/go.mod h1:oPkhp1MJrh7nUepCBck5+mAzfO9JrbApNNgaTdGDITg=
golang.org/x/term v0.0.0-20201126162022-7de9c90e9dd1/go.mod h1:bj7SfCRtBDWHUb9snDiAeCFNEtKQo2Wmx5Cou7ajbmo=
golang.org/x/term v0.12.0 h1:/ZfYdc3zq+q02Rv9vGqTeSItdzZTSNDmfTi0mBAuidU=
golang.org/x/term v0.12.0/go.mod h1:owVbMEjm3cBLCHdkQu9b1opXd4ETQWc3BhuQGKgXgvU=
golang.org/x/text v0.3.0/go.mod h1:NqM8EUOU14njkJ3fqMW+pc6Ldnwhi/IjpwHt7yyuwOQ=
golang.org/x/text v0.3.3/go.mod h1:5Zoc/QRtKVWzQhOtBMvqHzDpF6irO9z98xDceosuGiQ=
golang.org/x/text v0.3.6/go.mod h1:5Zoc/QRtKVWzQhOtBMvqHzDpF6irO9z98xDceosuGiQ=
golang.org/x/text v0.13.0 h1:ablQoSUd0tRdKxZewP80B+BaqeKJuVhuRxj/dkrun3k=
golang.org/x/text v0.13.0/go.mod h1:TvPlkZtksWOMsz7fbANvkp4WM8x/WCo/om8BMLbz+aE=
golang.org/x/tools v0.0.0-20180917221912-90fa682c2a6e/go.mod h1:n7NCudcB/nEzxVGmLbDWY5pfWTLqBcC2KZ6jyYvM4mQ=
golang.org/x/tools v0.0.0-20200130002326-2f3ba24bd6e7/go.mod h1:TB2adYChydJhpapKDTa4BR/hXlZSLoq2Wpct/0txZ28=
golang.org/x/xerrors v0.0.0-20191011141410-1b5146add898/go.mod h1:I/5z698sn9Ka8TeJc9MKroUUfqBBauWjQqLJ2OPfmY0=
gopkg.in/check.v1 v0.0.0-20161208181325-20d25e280405/go.mod h1:Co6ibVJAznAaIkqp8huTwlJQCZ016jof/cbN4VW5Yz0=
gopkg.in/yaml.v3 v3.0.0-20200313102051-9f266ea9e77c/go.mod h1:K4uyk7z7BCEPqu6E+C64Yfv1cQ7kz7rIZviUmN+EgEM=
gopkg.in/yaml.v3 v3.0.1 h1:fxVm/GzAzEWqLHuvctI91KS9hhNmmWOoWu0XTYJS7CA=
gopkg.in/yaml.v3 v3.0.1/go.mod h1:K4uyk7z7BCEPqu6E+C64Yfv1cQ7kz7rIZviUmN+EgEM=
lukechampine.com/frand v1.4.2 h1:RzFIpOvkMXuPMBb9maa4ND4wjBn71E1Jpf8BzJHMaVw=
lukechampine.com/frand v1.4.2/go.mod h1:4S/TM2ZgrKejMcKMbeLjISpJMO+/eZ1zu3vYX9dtj3s=
